
Microsoft Visual Studio Solution File, Format Version 12.00
# Visual Studio Version 17
VisualStudioVersion = 17.13.35931.197
MinimumVisualStudioVersion = 10.0.40219.1
Project("{2150E333-8FDC-42A3-9474-1A3956D46DE8}") = "Solution Items", "Solution Items", "{8EC462FD-D22E-90A8-E5CE-7E832BA40C5D}"
	ProjectSection(SolutionItems) = preProject
		docker-compose.yml = docker-compose.yml
		README.md = README.md
	EndProjectSection
EndProject
Project("{2150E333-8FDC-42A3-9474-1A3956D46DE8}") = "src", "src", "{02EA681E-C7D8-13C7-8484-4AC65E1B71E8}"
EndProject
Project("{FAE04EC0-301F-11D3-BF4B-00C04F79EFBC}") = "FlightBooker.ApiGateway", "src\FlightBooker.ApiGateway\FlightBooker.ApiGateway.csproj", "{85B04952-455A-402A-A54A-E3D2273A91C8}"
EndProject
Project("{FAE04EC0-301F-11D3-BF4B-00C04F79EFBC}") = "FlightBooker.Search.API", "src\FlightBooker.Search.API\FlightBooker.Search.API.csproj", "{86F967D4-2DF3-4ABC-8A4D-7BABFAC15CF7}"
EndProject
Project("{FAE04EC0-301F-11D3-BF4B-00C04F79EFBC}") = "FlightBooker.Booking.API", "src\FlightBooker.Booking.API\FlightBooker.Booking.API.csproj", "{F309B447-B1B9-492B-B49A-82ADBCBAF169}"
EndProject
Project("{FAE04EC0-301F-11D3-BF4B-00C04F79EFBC}") = "FlightBooker.Messages", "src\FlightBooker.Messages\FlightBooker.Messages.csproj", "{4B5F12D8-277F-4694-9DBA-7EB3CF51F5F3}"
EndProject
Project("{FAE04EC0-301F-11D3-BF4B-00C04F79EFBC}") = "FlightBooker.Notification.Service", "src\FlightBooker.Notification.Service\FlightBooker.Notification.Service.csproj", "{F35F1DCD-0375-480D-83AF-EB7B33BFEDAD}"
EndProject
Project("{FAE04EC0-301F-11D3-BF4B-00C04F79EFBC}") = "FlightBooker.Identity.API", "src\FlightBooker.Identity.API\FlightBooker.Identity.API.csproj", "{052D8287-A9AA-49DC-B796-AF48EC9FE83A}"
EndProject
Project("{FAE04EC0-301F-11D3-BF4B-00C04F79EFBC}") = "FlightBooker.Booking.API.Tests", "tests\FlightBooker.Booking.API.Tests\FlightBooker.Booking.API.Tests.csproj", "{72516173-E3BE-4EFB-8152-96A724E1EE94}"
EndProject
Project("{2150E333-8FDC-42A3-9474-1A3956D46DE8}") = "tests", "tests", "{3513FFF9-89D9-4936-A6AD-333C28319927}"
EndProject
Project("{FAE04EC0-301F-11D3-BF4B-00C04F79EFBC}") = "FlightBooker.Search.API.Tests", "tests\FlightBooker.Search.API.Tests\FlightBooker.Search.API.Tests.csproj", "{D5D44412-BF17-46A7-9576-7E1397D645BA}"
EndProject
Global
	GlobalSection(SolutionConfigurationPlatforms) = preSolution
		Debug|Any CPU = Debug|Any CPU
		Release|Any CPU = Release|Any CPU
	EndGlobalSection
	GlobalSection(ProjectConfigurationPlatforms) = postSolution
		{85B04952-455A-402A-A54A-E3D2273A91C8}.Debug|Any CPU.ActiveCfg = Debug|Any CPU
		{85B04952-455A-402A-A54A-E3D2273A91C8}.Debug|Any CPU.Build.0 = Debug|Any CPU
		{85B04952-455A-402A-A54A-E3D2273A91C8}.Release|Any CPU.ActiveCfg = Release|Any CPU
		{85B04952-455A-402A-A54A-E3D2273A91C8}.Release|Any CPU.Build.0 = Release|Any CPU
		{86F967D4-2DF3-4ABC-8A4D-7BABFAC15CF7}.Debug|Any CPU.ActiveCfg = Debug|Any CPU
		{86F967D4-2DF3-4ABC-8A4D-7BABFAC15CF7}.Debug|Any CPU.Build.0 = Debug|Any CPU
		{86F967D4-2DF3-4ABC-8A4D-7BABFAC15CF7}.Release|Any CPU.ActiveCfg = Release|Any CPU
		{86F967D4-2DF3-4ABC-8A4D-7BABFAC15CF7}.Release|Any CPU.Build.0 = Release|Any CPU
		{F309B447-B1B9-492B-B49A-82ADBCBAF169}.Debug|Any CPU.ActiveCfg = Debug|Any CPU
		{F309B447-B1B9-492B-B49A-82ADBCBAF169}.Debug|Any CPU.Build.0 = Debug|Any CPU
		{F309B447-B1B9-492B-B49A-82ADBCBAF169}.Release|Any CPU.ActiveCfg = Release|Any CPU
		{F309B447-B1B9-492B-B49A-82ADBCBAF169}.Release|Any CPU.Build.0 = Release|Any CPU
		{4B5F12D8-277F-4694-9DBA-7EB3CF51F5F3}.Debug|Any CPU.ActiveCfg = Debug|Any CPU
		{4B5F12D8-277F-4694-9DBA-7EB3CF51F5F3}.Debug|Any CPU.Build.0 = Debug|Any CPU
		{4B5F12D8-277F-4694-9DBA-7EB3CF51F5F3}.Release|Any CPU.ActiveCfg = Release|Any CPU
		{4B5F12D8-277F-4694-9DBA-7EB3CF51F5F3}.Release|Any CPU.Build.0 = Release|Any CPU
		{F35F1DCD-0375-480D-83AF-EB7B33BFEDAD}.Debug|Any CPU.ActiveCfg = Debug|Any CPU
		{F35F1DCD-0375-480D-83AF-EB7B33BFEDAD}.Debug|Any CPU.Build.0 = Debug|Any CPU
		{F35F1DCD-0375-480D-83AF-EB7B33BFEDAD}.Release|Any CPU.ActiveCfg = Release|Any CPU
		{F35F1DCD-0375-480D-83AF-EB7B33BFEDAD}.Release|Any CPU.Build.0 = Release|Any CPU
		{052D8287-A9AA-49DC-B796-AF48EC9FE83A}.Debug|Any CPU.ActiveCfg = Debug|Any CPU
		{052D8287-A9AA-49DC-B796-AF48EC9FE83A}.Debug|Any CPU.Build.0 = Debug|Any CPU
		{052D8287-A9AA-49DC-B796-AF48EC9FE83A}.Release|Any CPU.ActiveCfg = Release|Any CPU
		{052D8287-A9AA-49DC-B796-AF48EC9FE83A}.Release|Any CPU.Build.0 = Release|Any CPU
		{72516173-E3BE-4EFB-8152-96A724E1EE94}.Debug|Any CPU.ActiveCfg = Debug|Any CPU
		{72516173-E3BE-4EFB-8152-96A724E1EE94}.Debug|Any CPU.Build.0 = Debug|Any CPU
		{72516173-E3BE-4EFB-8152-96A724E1EE94}.Release|Any CPU.ActiveCfg = Release|Any CPU
		{72516173-E3BE-4EFB-8152-96A724E1EE94}.Release|Any CPU.Build.0 = Release|Any CPU
		{D5D44412-BF17-46A7-9576-7E1397D645BA}.Debug|Any CPU.ActiveCfg = Debug|Any CPU
		{D5D44412-BF17-46A7-9576-7E1397D645BA}.Debug|Any CPU.Build.0 = Debug|Any CPU
		{D5D44412-BF17-46A7-9576-7E1397D645BA}.Release|Any CPU.ActiveCfg = Release|Any CPU
		{D5D44412-BF17-46A7-9576-7E1397D645BA}.Release|Any CPU.Build.0 = Release|Any CPU
	EndGlobalSection
	GlobalSection(SolutionProperties) = preSolution
		HideSolutionNode = FALSE
	EndGlobalSection
	GlobalSection(NestedProjects) = preSolution
		{85B04952-455A-402A-A54A-E3D2273A91C8} = {02EA681E-C7D8-13C7-8484-4AC65E1B71E8}
		{86F967D4-2DF3-4ABC-8A4D-7BABFAC15CF7} = {02EA681E-C7D8-13C7-8484-4AC65E1B71E8}
		{F309B447-B1B9-492B-B49A-82ADBCBAF169} = {02EA681E-C7D8-13C7-8484-4AC65E1B71E8}
		{4B5F12D8-277F-4694-9DBA-7EB3CF51F5F3} = {02EA681E-C7D8-13C7-8484-4AC65E1B71E8}
		{F35F1DCD-0375-480D-83AF-EB7B33BFEDAD} = {02EA681E-C7D8-13C7-8484-4AC65E1B71E8}
		{052D8287-A9AA-49DC-B796-AF48EC9FE83A} = {02EA681E-C7D8-13C7-8484-4AC65E1B71E8}
		{72516173-E3BE-4EFB-8152-96A724E1EE94} = {3513FFF9-89D9-4936-A6AD-333C28319927}
		{D5D44412-BF17-46A7-9576-7E1397D645BA} = {3513FFF9-89D9-4936-A6AD-333C28319927}
	EndGlobalSection
	GlobalSection(ExtensibilityGlobals) = postSolution
		SolutionGuid = {692EB334-7F32-496D-BAA2-8DE7C82FC525}
	EndGlobalSection
EndGlobal
